
Microsoft Visual Studio Solution File, Format Version 12.00
# Visual Studio Version 16
VisualStudioVersion = 16.0.29709.97
MinimumVisualStudioVersion = 10.0.40219.1
Project("{FAE04EC0-301F-11D3-BF4B-00C04F79EFBC}") = "Lab12_Zholudov_n4.1", "Lab12_Zholudov_n4.1.csproj", "{67EB4F0C-789F-47F9-9D85-3A2AC2DC18CA}"
EndProject
Global
	GlobalSection(SolutionConfigurationPlatforms) = preSolution
		Debug|Any CPU = Debug|Any CPU
		Release|Any CPU = Release|Any CPU
	EndGlobalSection
	GlobalSection(ProjectConfigurationPlatforms) = postSolution
		{67EB4F0C-789F-47F9-9D85-3A2AC2DC18CA}.Debug|Any CPU.ActiveCfg = Debug|Any CPU
		{67EB4F0C-789F-47F9-9D85-3A2AC2DC18CA}.Debug|Any CPU.Build.0 = Debug|Any CPU
		{67EB4F0C-789F-47F9-9D85-3A2AC2DC18CA}.Release|Any CPU.ActiveCfg = Release|Any CPU
		{67EB4F0C-789F-47F9-9D85-3A2AC2DC18CA}.Release|Any CPU.Build.0 = Release|Any CPU
	EndGlobalSection
	GlobalSection(SolutionProperties) = preSolution
		HideSolutionNode = FALSE
	EndGlobalSection
	GlobalSection(ExtensibilityGlobals) = postSolution
		SolutionGuid = {160A25AC-3FFE-477B-BCEA-6EF5EB28932C}
	EndGlobalSection
EndGlobal
