
Microsoft Visual Studio Solution File, Format Version 12.00
# Visual Studio Version 16
VisualStudioVersion = 16.0.29519.87
MinimumVisualStudioVersion = 10.0.40219.1
Project("{FAE04EC0-301F-11D3-BF4B-00C04F79EFBC}") = "3.1.b", "3.1.b.csproj", "{CFCF1479-A4D1-4885-8D14-40652989CFC1}"
EndProject
Global
	GlobalSection(SolutionConfigurationPlatforms) = preSolution
		Debug|Any CPU = Debug|Any CPU
		Release|Any CPU = Release|Any CPU
	EndGlobalSection
	GlobalSection(ProjectConfigurationPlatforms) = postSolution
		{CFCF1479-A4D1-4885-8D14-40652989CFC1}.Debug|Any CPU.ActiveCfg = Debug|Any CPU
		{CFCF1479-A4D1-4885-8D14-40652989CFC1}.Debug|Any CPU.Build.0 = Debug|Any CPU
		{CFCF1479-A4D1-4885-8D14-40652989CFC1}.Release|Any CPU.ActiveCfg = Release|Any CPU
		{CFCF1479-A4D1-4885-8D14-40652989CFC1}.Release|Any CPU.Build.0 = Release|Any CPU
	EndGlobalSection
	GlobalSection(SolutionProperties) = preSolution
		HideSolutionNode = FALSE
	EndGlobalSection
	GlobalSection(ExtensibilityGlobals) = postSolution
		SolutionGuid = {69F0F417-8537-43E8-9AF5-E971540A08B9}
	EndGlobalSection
EndGlobal
