
Microsoft Visual Studio Solution File, Format Version 12.00
# Visual Studio Version 16
VisualStudioVersion = 16.0.29306.81
MinimumVisualStudioVersion = 10.0.40219.1
Project("{FAE04EC0-301F-11D3-BF4B-00C04F79EFBC}") = "Lab1_Zholudov", "Lab1_Zholudov.csproj", "{685B6720-085F-4BD4-B48F-5746AFA1037A}"
EndProject
Global
	GlobalSection(SolutionConfigurationPlatforms) = preSolution
		Debug|Any CPU = Debug|Any CPU
		Release|Any CPU = Release|Any CPU
	EndGlobalSection
	GlobalSection(ProjectConfigurationPlatforms) = postSolution
		{685B6720-085F-4BD4-B48F-5746AFA1037A}.Debug|Any CPU.ActiveCfg = Debug|Any CPU
		{685B6720-085F-4BD4-B48F-5746AFA1037A}.Debug|Any CPU.Build.0 = Debug|Any CPU
		{685B6720-085F-4BD4-B48F-5746AFA1037A}.Release|Any CPU.ActiveCfg = Release|Any CPU
		{685B6720-085F-4BD4-B48F-5746AFA1037A}.Release|Any CPU.Build.0 = Release|Any CPU
	EndGlobalSection
	GlobalSection(SolutionProperties) = preSolution
		HideSolutionNode = FALSE
	EndGlobalSection
	GlobalSection(ExtensibilityGlobals) = postSolution
		SolutionGuid = {6312FBF0-AF34-45BF-8127-0F0A63EEB966}
	EndGlobalSection
EndGlobal
