
Microsoft Visual Studio Solution File, Format Version 12.00
# Visual Studio Version 16
VisualStudioVersion = 16.0.29519.87
MinimumVisualStudioVersion = 10.0.40219.1
Project("{FAE04EC0-301F-11D3-BF4B-00C04F79EFBC}") = "Roshka_6.2", "Roshka_6.2.csproj", "{958D46B1-6926-4DAB-A597-8D7494D367E3}"
EndProject
Global
	GlobalSection(SolutionConfigurationPlatforms) = preSolution
		Debug|Any CPU = Debug|Any CPU
		Release|Any CPU = Release|Any CPU
	EndGlobalSection
	GlobalSection(ProjectConfigurationPlatforms) = postSolution
		{958D46B1-6926-4DAB-A597-8D7494D367E3}.Debug|Any CPU.ActiveCfg = Debug|Any CPU
		{958D46B1-6926-4DAB-A597-8D7494D367E3}.Debug|Any CPU.Build.0 = Debug|Any CPU
		{958D46B1-6926-4DAB-A597-8D7494D367E3}.Release|Any CPU.ActiveCfg = Release|Any CPU
		{958D46B1-6926-4DAB-A597-8D7494D367E3}.Release|Any CPU.Build.0 = Release|Any CPU
	EndGlobalSection
	GlobalSection(SolutionProperties) = preSolution
		HideSolutionNode = FALSE
	EndGlobalSection
	GlobalSection(ExtensibilityGlobals) = postSolution
		SolutionGuid = {035A450A-D3A2-4C65-B3C3-8D3467E8889B}
	EndGlobalSection
EndGlobal
