
Microsoft Visual Studio Solution File, Format Version 12.00
# Visual Studio Version 16
VisualStudioVersion = 16.0.29519.87
MinimumVisualStudioVersion = 10.0.40219.1
Project("{FAE04EC0-301F-11D3-BF4B-00C04F79EFBC}") = "Sechko_8", "Sechko_8\Sechko_8.csproj", "{E100F6A3-A4C2-45E3-8D70-DB6966FA002F}"
EndProject
Global
	GlobalSection(SolutionConfigurationPlatforms) = preSolution
		Debug|Any CPU = Debug|Any CPU
		Release|Any CPU = Release|Any CPU
	EndGlobalSection
	GlobalSection(ProjectConfigurationPlatforms) = postSolution
		{E100F6A3-A4C2-45E3-8D70-DB6966FA002F}.Debug|Any CPU.ActiveCfg = Debug|Any CPU
		{E100F6A3-A4C2-45E3-8D70-DB6966FA002F}.Debug|Any CPU.Build.0 = Debug|Any CPU
		{E100F6A3-A4C2-45E3-8D70-DB6966FA002F}.Release|Any CPU.ActiveCfg = Release|Any CPU
		{E100F6A3-A4C2-45E3-8D70-DB6966FA002F}.Release|Any CPU.Build.0 = Release|Any CPU
	EndGlobalSection
	GlobalSection(SolutionProperties) = preSolution
		HideSolutionNode = FALSE
	EndGlobalSection
	GlobalSection(ExtensibilityGlobals) = postSolution
		SolutionGuid = {1E49E488-8BEA-43AB-9654-E4EC282ED5D3}
	EndGlobalSection
EndGlobal
