
Microsoft Visual Studio Solution File, Format Version 12.00
# Visual Studio Version 16
VisualStudioVersion = 16.0.29709.97
MinimumVisualStudioVersion = 10.0.40219.1
Project("{FAE04EC0-301F-11D3-BF4B-00C04F79EFBC}") = "CharDLL", "CharDLL.csproj", "{EB121F31-1ADE-4977-ACE6-596C0A8277CF}"
EndProject
Global
	GlobalSection(SolutionConfigurationPlatforms) = preSolution
		Debug|Any CPU = Debug|Any CPU
		Release|Any CPU = Release|Any CPU
	EndGlobalSection
	GlobalSection(ProjectConfigurationPlatforms) = postSolution
		{EB121F31-1ADE-4977-ACE6-596C0A8277CF}.Debug|Any CPU.ActiveCfg = Debug|Any CPU
		{EB121F31-1ADE-4977-ACE6-596C0A8277CF}.Debug|Any CPU.Build.0 = Debug|Any CPU
		{EB121F31-1ADE-4977-ACE6-596C0A8277CF}.Release|Any CPU.ActiveCfg = Release|Any CPU
		{EB121F31-1ADE-4977-ACE6-596C0A8277CF}.Release|Any CPU.Build.0 = Release|Any CPU
	EndGlobalSection
	GlobalSection(SolutionProperties) = preSolution
		HideSolutionNode = FALSE
	EndGlobalSection
	GlobalSection(ExtensibilityGlobals) = postSolution
		SolutionGuid = {EB47D403-EDF4-41B1-96FC-CB42C930F7A8}
	EndGlobalSection
EndGlobal
