
Microsoft Visual Studio Solution File, Format Version 12.00
# Visual Studio Version 16
VisualStudioVersion = 16.0.29306.81
MinimumVisualStudioVersion = 10.0.40219.1
Project("{FAE04EC0-301F-11D3-BF4B-00C04F79EFBC}") = "Lab5_Zholudov_n1", "Lab5_Zholudov_n1.csproj", "{20C4CE22-823D-4A17-884A-8522F0160664}"
EndProject
Global
	GlobalSection(SolutionConfigurationPlatforms) = preSolution
		Debug|Any CPU = Debug|Any CPU
		Release|Any CPU = Release|Any CPU
	EndGlobalSection
	GlobalSection(ProjectConfigurationPlatforms) = postSolution
		{20C4CE22-823D-4A17-884A-8522F0160664}.Debug|Any CPU.ActiveCfg = Debug|Any CPU
		{20C4CE22-823D-4A17-884A-8522F0160664}.Debug|Any CPU.Build.0 = Debug|Any CPU
		{20C4CE22-823D-4A17-884A-8522F0160664}.Release|Any CPU.ActiveCfg = Release|Any CPU
		{20C4CE22-823D-4A17-884A-8522F0160664}.Release|Any CPU.Build.0 = Release|Any CPU
	EndGlobalSection
	GlobalSection(SolutionProperties) = preSolution
		HideSolutionNode = FALSE
	EndGlobalSection
	GlobalSection(ExtensibilityGlobals) = postSolution
		SolutionGuid = {00AB638E-F9FF-40E5-B7D1-7A797FA03920}
	EndGlobalSection
EndGlobal
