
Microsoft Visual Studio Solution File, Format Version 12.00
# Visual Studio Version 16
VisualStudioVersion = 16.0.29709.97
MinimumVisualStudioVersion = 10.0.40219.1
Project("{FAE04EC0-301F-11D3-BF4B-00C04F79EFBC}") = "MyData", "MyData.csproj", "{D4246C0F-5B5A-41BA-AC06-0CD1CCA7CC6F}"
EndProject
Global
	GlobalSection(SolutionConfigurationPlatforms) = preSolution
		Debug|Any CPU = Debug|Any CPU
		Release|Any CPU = Release|Any CPU
	EndGlobalSection
	GlobalSection(ProjectConfigurationPlatforms) = postSolution
		{D4246C0F-5B5A-41BA-AC06-0CD1CCA7CC6F}.Debug|Any CPU.ActiveCfg = Debug|Any CPU
		{D4246C0F-5B5A-41BA-AC06-0CD1CCA7CC6F}.Debug|Any CPU.Build.0 = Debug|Any CPU
		{D4246C0F-5B5A-41BA-AC06-0CD1CCA7CC6F}.Release|Any CPU.ActiveCfg = Release|Any CPU
		{D4246C0F-5B5A-41BA-AC06-0CD1CCA7CC6F}.Release|Any CPU.Build.0 = Release|Any CPU
	EndGlobalSection
	GlobalSection(SolutionProperties) = preSolution
		HideSolutionNode = FALSE
	EndGlobalSection
	GlobalSection(ExtensibilityGlobals) = postSolution
		SolutionGuid = {BCC3DBEE-DAF5-40C6-93A5-7B184DFA0A30}
	EndGlobalSection
EndGlobal
