
Microsoft Visual Studio Solution File, Format Version 12.00
# Visual Studio Version 16
VisualStudioVersion = 16.0.29503.13
MinimumVisualStudioVersion = 10.0.40219.1
Project("{FAE04EC0-301F-11D3-BF4B-00C04F79EFBC}") = "Lab7_Zholudov_n3", "Lab7_Zholudov_n3.csproj", "{80A80197-21E4-41A8-AA07-788D8F6971A5}"
EndProject
Global
	GlobalSection(SolutionConfigurationPlatforms) = preSolution
		Debug|Any CPU = Debug|Any CPU
		Release|Any CPU = Release|Any CPU
	EndGlobalSection
	GlobalSection(ProjectConfigurationPlatforms) = postSolution
		{80A80197-21E4-41A8-AA07-788D8F6971A5}.Debug|Any CPU.ActiveCfg = Debug|Any CPU
		{80A80197-21E4-41A8-AA07-788D8F6971A5}.Debug|Any CPU.Build.0 = Debug|Any CPU
		{80A80197-21E4-41A8-AA07-788D8F6971A5}.Release|Any CPU.ActiveCfg = Release|Any CPU
		{80A80197-21E4-41A8-AA07-788D8F6971A5}.Release|Any CPU.Build.0 = Release|Any CPU
	EndGlobalSection
	GlobalSection(SolutionProperties) = preSolution
		HideSolutionNode = FALSE
	EndGlobalSection
	GlobalSection(ExtensibilityGlobals) = postSolution
		SolutionGuid = {5B6677DD-1897-4EDB-9ECB-5F48BACA8087}
	EndGlobalSection
EndGlobal
