
Microsoft Visual Studio Solution File, Format Version 12.00
# Visual Studio Version 16
VisualStudioVersion = 16.0.29519.87
MinimumVisualStudioVersion = 10.0.40219.1
Project("{FAE04EC0-301F-11D3-BF4B-00C04F79EFBC}") = "Lab9_Zholudov_n1", "Lab9_Zholudov_n1\Lab9_Zholudov_n1.csproj", "{C2F88A5C-AE4B-45B6-A492-4AF4997FF0C3}"
EndProject
Global
	GlobalSection(SolutionConfigurationPlatforms) = preSolution
		Debug|Any CPU = Debug|Any CPU
		Release|Any CPU = Release|Any CPU
	EndGlobalSection
	GlobalSection(ProjectConfigurationPlatforms) = postSolution
		{C2F88A5C-AE4B-45B6-A492-4AF4997FF0C3}.Debug|Any CPU.ActiveCfg = Debug|Any CPU
		{C2F88A5C-AE4B-45B6-A492-4AF4997FF0C3}.Debug|Any CPU.Build.0 = Debug|Any CPU
		{C2F88A5C-AE4B-45B6-A492-4AF4997FF0C3}.Release|Any CPU.ActiveCfg = Release|Any CPU
		{C2F88A5C-AE4B-45B6-A492-4AF4997FF0C3}.Release|Any CPU.Build.0 = Release|Any CPU
	EndGlobalSection
	GlobalSection(SolutionProperties) = preSolution
		HideSolutionNode = FALSE
	EndGlobalSection
	GlobalSection(ExtensibilityGlobals) = postSolution
		SolutionGuid = {439D9F6C-5AEF-41B4-84A8-E9606E7818D6}
	EndGlobalSection
EndGlobal
