
Microsoft Visual Studio Solution File, Format Version 12.00
# Visual Studio Version 16
VisualStudioVersion = 16.0.29519.87
MinimumVisualStudioVersion = 10.0.40219.1
Project("{FAE04EC0-301F-11D3-BF4B-00C04F79EFBC}") = "Ignatovich_10.1", "Ignatovich_10.1\Ignatovich_10.1.csproj", "{32355633-CDD7-4D84-8C13-336B072B3BFB}"
EndProject
Global
	GlobalSection(SolutionConfigurationPlatforms) = preSolution
		Debug|Any CPU = Debug|Any CPU
		Release|Any CPU = Release|Any CPU
	EndGlobalSection
	GlobalSection(ProjectConfigurationPlatforms) = postSolution
		{32355633-CDD7-4D84-8C13-336B072B3BFB}.Debug|Any CPU.ActiveCfg = Debug|Any CPU
		{32355633-CDD7-4D84-8C13-336B072B3BFB}.Debug|Any CPU.Build.0 = Debug|Any CPU
		{32355633-CDD7-4D84-8C13-336B072B3BFB}.Release|Any CPU.ActiveCfg = Release|Any CPU
		{32355633-CDD7-4D84-8C13-336B072B3BFB}.Release|Any CPU.Build.0 = Release|Any CPU
	EndGlobalSection
	GlobalSection(SolutionProperties) = preSolution
		HideSolutionNode = FALSE
	EndGlobalSection
	GlobalSection(ExtensibilityGlobals) = postSolution
		SolutionGuid = {60733E91-2387-4B7B-B56E-50F9B30ACBAA}
	EndGlobalSection
EndGlobal
