
Microsoft Visual Studio Solution File, Format Version 12.00
# Visual Studio Version 16
VisualStudioVersion = 16.0.29519.87
MinimumVisualStudioVersion = 10.0.40219.1
Project("{FAE04EC0-301F-11D3-BF4B-00C04F79EFBC}") = "Ignatovytch_6.2", "Ignatovytch_6.2\Ignatovytch_6.2.csproj", "{B05E31AD-CA15-46A3-A2B9-B21789B56FF6}"
EndProject
Global
	GlobalSection(SolutionConfigurationPlatforms) = preSolution
		Debug|Any CPU = Debug|Any CPU
		Release|Any CPU = Release|Any CPU
	EndGlobalSection
	GlobalSection(ProjectConfigurationPlatforms) = postSolution
		{B05E31AD-CA15-46A3-A2B9-B21789B56FF6}.Debug|Any CPU.ActiveCfg = Debug|Any CPU
		{B05E31AD-CA15-46A3-A2B9-B21789B56FF6}.Debug|Any CPU.Build.0 = Debug|Any CPU
		{B05E31AD-CA15-46A3-A2B9-B21789B56FF6}.Release|Any CPU.ActiveCfg = Release|Any CPU
		{B05E31AD-CA15-46A3-A2B9-B21789B56FF6}.Release|Any CPU.Build.0 = Release|Any CPU
	EndGlobalSection
	GlobalSection(SolutionProperties) = preSolution
		HideSolutionNode = FALSE
	EndGlobalSection
	GlobalSection(ExtensibilityGlobals) = postSolution
		SolutionGuid = {935593E6-D6BE-4CC3-B156-B95D4C72346A}
	EndGlobalSection
EndGlobal
