
Microsoft Visual Studio Solution File, Format Version 12.00
# Visual Studio Version 16
VisualStudioVersion = 16.0.29519.87
MinimumVisualStudioVersion = 10.0.40219.1
Project("{FAE04EC0-301F-11D3-BF4B-00C04F79EFBC}") = "Lobanov_10.1", "Lobanov_10.1.csproj", "{5848E13B-0D0F-45F2-BC03-4BD42D81C428}"
EndProject
Global
	GlobalSection(SolutionConfigurationPlatforms) = preSolution
		Debug|Any CPU = Debug|Any CPU
		Release|Any CPU = Release|Any CPU
	EndGlobalSection
	GlobalSection(ProjectConfigurationPlatforms) = postSolution
		{5848E13B-0D0F-45F2-BC03-4BD42D81C428}.Debug|Any CPU.ActiveCfg = Debug|Any CPU
		{5848E13B-0D0F-45F2-BC03-4BD42D81C428}.Debug|Any CPU.Build.0 = Debug|Any CPU
		{5848E13B-0D0F-45F2-BC03-4BD42D81C428}.Release|Any CPU.ActiveCfg = Release|Any CPU
		{5848E13B-0D0F-45F2-BC03-4BD42D81C428}.Release|Any CPU.Build.0 = Release|Any CPU
	EndGlobalSection
	GlobalSection(SolutionProperties) = preSolution
		HideSolutionNode = FALSE
	EndGlobalSection
	GlobalSection(ExtensibilityGlobals) = postSolution
		SolutionGuid = {DFF601CE-805B-46F2-AC1E-782E00AB8AEA}
	EndGlobalSection
EndGlobal
