
Microsoft Visual Studio Solution File, Format Version 12.00
# Visual Studio Version 16
VisualStudioVersion = 16.0.29306.81
MinimumVisualStudioVersion = 10.0.40219.1
Project("{FAE04EC0-301F-11D3-BF4B-00C04F79EFBC}") = "Lab4_Zholudov_1", "Lab4_Zholudov_1.csproj", "{8A54907F-5CA6-4294-9061-67B42AC6F39D}"
EndProject
Global
	GlobalSection(SolutionConfigurationPlatforms) = preSolution
		Debug|Any CPU = Debug|Any CPU
		Release|Any CPU = Release|Any CPU
	EndGlobalSection
	GlobalSection(ProjectConfigurationPlatforms) = postSolution
		{8A54907F-5CA6-4294-9061-67B42AC6F39D}.Debug|Any CPU.ActiveCfg = Debug|Any CPU
		{8A54907F-5CA6-4294-9061-67B42AC6F39D}.Debug|Any CPU.Build.0 = Debug|Any CPU
		{8A54907F-5CA6-4294-9061-67B42AC6F39D}.Release|Any CPU.ActiveCfg = Release|Any CPU
		{8A54907F-5CA6-4294-9061-67B42AC6F39D}.Release|Any CPU.Build.0 = Release|Any CPU
	EndGlobalSection
	GlobalSection(SolutionProperties) = preSolution
		HideSolutionNode = FALSE
	EndGlobalSection
	GlobalSection(ExtensibilityGlobals) = postSolution
		SolutionGuid = {5806DC5B-8254-4236-88D3-3E43608A1673}
	EndGlobalSection
EndGlobal
