
Microsoft Visual Studio Solution File, Format Version 12.00
# Visual Studio Version 16
VisualStudioVersion = 16.0.29306.81
MinimumVisualStudioVersion = 10.0.40219.1
Project("{FAE04EC0-301F-11D3-BF4B-00C04F79EFBC}") = "Lab4_Zholudov_2", "Lab4_Zholudov_2.csproj", "{EE871922-2D0C-4E29-8C36-9FF198CAC027}"
EndProject
Global
	GlobalSection(SolutionConfigurationPlatforms) = preSolution
		Debug|Any CPU = Debug|Any CPU
		Release|Any CPU = Release|Any CPU
	EndGlobalSection
	GlobalSection(ProjectConfigurationPlatforms) = postSolution
		{EE871922-2D0C-4E29-8C36-9FF198CAC027}.Debug|Any CPU.ActiveCfg = Debug|Any CPU
		{EE871922-2D0C-4E29-8C36-9FF198CAC027}.Debug|Any CPU.Build.0 = Debug|Any CPU
		{EE871922-2D0C-4E29-8C36-9FF198CAC027}.Release|Any CPU.ActiveCfg = Release|Any CPU
		{EE871922-2D0C-4E29-8C36-9FF198CAC027}.Release|Any CPU.Build.0 = Release|Any CPU
	EndGlobalSection
	GlobalSection(SolutionProperties) = preSolution
		HideSolutionNode = FALSE
	EndGlobalSection
	GlobalSection(ExtensibilityGlobals) = postSolution
		SolutionGuid = {998DF206-6D90-4042-B47D-2AD973F8028A}
	EndGlobalSection
EndGlobal
