
Microsoft Visual Studio Solution File, Format Version 12.00
# Visual Studio Version 16
VisualStudioVersion = 16.0.29519.87
MinimumVisualStudioVersion = 10.0.40219.1
Project("{FAE04EC0-301F-11D3-BF4B-00C04F79EFBC}") = "Roshka_6.3", "Roshka_6.3.csproj", "{DAEF321B-97CC-4E97-A503-8C4FD456ACE3}"
EndProject
Global
	GlobalSection(SolutionConfigurationPlatforms) = preSolution
		Debug|Any CPU = Debug|Any CPU
		Release|Any CPU = Release|Any CPU
	EndGlobalSection
	GlobalSection(ProjectConfigurationPlatforms) = postSolution
		{DAEF321B-97CC-4E97-A503-8C4FD456ACE3}.Debug|Any CPU.ActiveCfg = Debug|Any CPU
		{DAEF321B-97CC-4E97-A503-8C4FD456ACE3}.Debug|Any CPU.Build.0 = Debug|Any CPU
		{DAEF321B-97CC-4E97-A503-8C4FD456ACE3}.Release|Any CPU.ActiveCfg = Release|Any CPU
		{DAEF321B-97CC-4E97-A503-8C4FD456ACE3}.Release|Any CPU.Build.0 = Release|Any CPU
	EndGlobalSection
	GlobalSection(SolutionProperties) = preSolution
		HideSolutionNode = FALSE
	EndGlobalSection
	GlobalSection(ExtensibilityGlobals) = postSolution
		SolutionGuid = {ED408D08-0C2B-43C8-8806-4A4209389124}
	EndGlobalSection
EndGlobal
