
Microsoft Visual Studio Solution File, Format Version 12.00
# Visual Studio Version 16
VisualStudioVersion = 16.0.29519.87
MinimumVisualStudioVersion = 10.0.40219.1
Project("{FAE04EC0-301F-11D3-BF4B-00C04F79EFBC}") = "Roshka_11", "Roshka_11.csproj", "{53BA5635-5FB3-404D-BD8E-858A8E5DFE98}"
EndProject
Global
	GlobalSection(SolutionConfigurationPlatforms) = preSolution
		Debug|Any CPU = Debug|Any CPU
		Release|Any CPU = Release|Any CPU
	EndGlobalSection
	GlobalSection(ProjectConfigurationPlatforms) = postSolution
		{53BA5635-5FB3-404D-BD8E-858A8E5DFE98}.Debug|Any CPU.ActiveCfg = Debug|Any CPU
		{53BA5635-5FB3-404D-BD8E-858A8E5DFE98}.Debug|Any CPU.Build.0 = Debug|Any CPU
		{53BA5635-5FB3-404D-BD8E-858A8E5DFE98}.Release|Any CPU.ActiveCfg = Release|Any CPU
		{53BA5635-5FB3-404D-BD8E-858A8E5DFE98}.Release|Any CPU.Build.0 = Release|Any CPU
	EndGlobalSection
	GlobalSection(SolutionProperties) = preSolution
		HideSolutionNode = FALSE
	EndGlobalSection
	GlobalSection(ExtensibilityGlobals) = postSolution
		SolutionGuid = {C657D575-245B-44BE-B3CB-D98986577DB8}
	EndGlobalSection
EndGlobal
