
Microsoft Visual Studio Solution File, Format Version 12.00
# Visual Studio Version 16
VisualStudioVersion = 16.0.29519.87
MinimumVisualStudioVersion = 10.0.40219.1
Project("{FAE04EC0-301F-11D3-BF4B-00C04F79EFBC}") = "Lobanov_9.1", "Lobanov_9.1.csproj", "{3DB3D80B-C5A2-4487-B0B7-860B0669B8E9}"
EndProject
Global
	GlobalSection(SolutionConfigurationPlatforms) = preSolution
		Debug|Any CPU = Debug|Any CPU
		Release|Any CPU = Release|Any CPU
	EndGlobalSection
	GlobalSection(ProjectConfigurationPlatforms) = postSolution
		{3DB3D80B-C5A2-4487-B0B7-860B0669B8E9}.Debug|Any CPU.ActiveCfg = Debug|Any CPU
		{3DB3D80B-C5A2-4487-B0B7-860B0669B8E9}.Debug|Any CPU.Build.0 = Debug|Any CPU
		{3DB3D80B-C5A2-4487-B0B7-860B0669B8E9}.Release|Any CPU.ActiveCfg = Release|Any CPU
		{3DB3D80B-C5A2-4487-B0B7-860B0669B8E9}.Release|Any CPU.Build.0 = Release|Any CPU
	EndGlobalSection
	GlobalSection(SolutionProperties) = preSolution
		HideSolutionNode = FALSE
	EndGlobalSection
	GlobalSection(ExtensibilityGlobals) = postSolution
		SolutionGuid = {4162E93F-74B3-4B46-A36E-AF272E41A152}
	EndGlobalSection
EndGlobal
