
Microsoft Visual Studio Solution File, Format Version 12.00
# Visual Studio Version 16
VisualStudioVersion = 16.0.29519.87
MinimumVisualStudioVersion = 10.0.40219.1
Project("{FAE04EC0-301F-11D3-BF4B-00C04F79EFBC}") = "Valetova_10.1", "Valetova_10.1.csproj", "{1C20CA55-D65F-4BC7-AF59-3C99534B9649}"
EndProject
Global
	GlobalSection(SolutionConfigurationPlatforms) = preSolution
		Debug|Any CPU = Debug|Any CPU
		Release|Any CPU = Release|Any CPU
	EndGlobalSection
	GlobalSection(ProjectConfigurationPlatforms) = postSolution
		{1C20CA55-D65F-4BC7-AF59-3C99534B9649}.Debug|Any CPU.ActiveCfg = Debug|Any CPU
		{1C20CA55-D65F-4BC7-AF59-3C99534B9649}.Debug|Any CPU.Build.0 = Debug|Any CPU
		{1C20CA55-D65F-4BC7-AF59-3C99534B9649}.Release|Any CPU.ActiveCfg = Release|Any CPU
		{1C20CA55-D65F-4BC7-AF59-3C99534B9649}.Release|Any CPU.Build.0 = Release|Any CPU
	EndGlobalSection
	GlobalSection(SolutionProperties) = preSolution
		HideSolutionNode = FALSE
	EndGlobalSection
	GlobalSection(ExtensibilityGlobals) = postSolution
		SolutionGuid = {FAA7F9B0-14EF-456E-AB31-211403EFB000}
	EndGlobalSection
EndGlobal
