
Microsoft Visual Studio Solution File, Format Version 12.00
# Visual Studio Version 16
VisualStudioVersion = 16.0.29306.81
MinimumVisualStudioVersion = 10.0.40219.1
Project("{FAE04EC0-301F-11D3-BF4B-00C04F79EFBC}") = "ConsoleApp1", "ConsoleApp1.csproj", "{07ABA94C-87AE-40AA-AB32-95272F011A1B}"
EndProject
Global
	GlobalSection(SolutionConfigurationPlatforms) = preSolution
		Debug|Any CPU = Debug|Any CPU
		Release|Any CPU = Release|Any CPU
	EndGlobalSection
	GlobalSection(ProjectConfigurationPlatforms) = postSolution
		{07ABA94C-87AE-40AA-AB32-95272F011A1B}.Debug|Any CPU.ActiveCfg = Debug|Any CPU
		{07ABA94C-87AE-40AA-AB32-95272F011A1B}.Debug|Any CPU.Build.0 = Debug|Any CPU
		{07ABA94C-87AE-40AA-AB32-95272F011A1B}.Release|Any CPU.ActiveCfg = Release|Any CPU
		{07ABA94C-87AE-40AA-AB32-95272F011A1B}.Release|Any CPU.Build.0 = Release|Any CPU
	EndGlobalSection
	GlobalSection(SolutionProperties) = preSolution
		HideSolutionNode = FALSE
	EndGlobalSection
	GlobalSection(ExtensibilityGlobals) = postSolution
		SolutionGuid = {C69EBCEB-176E-46BB-80A9-F50B814524C5}
	EndGlobalSection
EndGlobal
