
Microsoft Visual Studio Solution File, Format Version 12.00
# Visual Studio Version 16
VisualStudioVersion = 16.0.29905.134
MinimumVisualStudioVersion = 10.0.40219.1
Project("{FAE04EC0-301F-11D3-BF4B-00C04F79EFBC}") = "prima", "prima.csproj", "{D88E83DB-1788-4EA1-8EB4-8482D8888CC1}"
EndProject
Global
	GlobalSection(SolutionConfigurationPlatforms) = preSolution
		Debug|Any CPU = Debug|Any CPU
		Release|Any CPU = Release|Any CPU
	EndGlobalSection
	GlobalSection(ProjectConfigurationPlatforms) = postSolution
		{D88E83DB-1788-4EA1-8EB4-8482D8888CC1}.Debug|Any CPU.ActiveCfg = Debug|Any CPU
		{D88E83DB-1788-4EA1-8EB4-8482D8888CC1}.Debug|Any CPU.Build.0 = Debug|Any CPU
		{D88E83DB-1788-4EA1-8EB4-8482D8888CC1}.Release|Any CPU.ActiveCfg = Release|Any CPU
		{D88E83DB-1788-4EA1-8EB4-8482D8888CC1}.Release|Any CPU.Build.0 = Release|Any CPU
	EndGlobalSection
	GlobalSection(SolutionProperties) = preSolution
		HideSolutionNode = FALSE
	EndGlobalSection
	GlobalSection(ExtensibilityGlobals) = postSolution
		SolutionGuid = {2135AD78-72B0-4232-AD2F-4B3F438823A3}
	EndGlobalSection
EndGlobal
